{
  "name": "crypto-rick",
  "version": "1.0.0",
  "lockfileVersion": 3,
  "requires": true,
  "packages": {
    "": {
      "name": "crypto-rick",
      "version": "1.0.0",
      "license": "ISC",
      "devDependencies": {
        "@types/merge-images": "^1.2.1"
      }
    },
    "node_modules/@types/merge-images": {
      "version": "1.2.1",
      "resolved": "https://registry.npmjs.org/@types/merge-images/-/merge-images-1.2.1.tgz",
      "integrity": "sha512-wXXXOXYvoHpa4QwQBDNOPH7QbGECTvQshThgytYhruIbwbF4/11EouhSnYtUgf0n52bGYdt2BQdZV2K6C2SrnA==",
      "dev": true,
      "dependencies": {
        "@types/node": "*"
      }
    },
    "node_modules/@types/node": {
      "version": "18.11.18",
      "resolved": "https://registry.npmjs.org/@types/node/-/node-18.11.18.tgz",
      "integrity": "sha512-DHQpWGjyQKSHj3ebjFI/wRKcqQcdR+MoFBygntYOZytCqNfkd2ZC4ARDJ2DQqhjH5p85Nnd3jhUJIXrszFX/JA==",
      "dev": true
    }
  }
}
